
Microsoft Visual Studio Solution File, Format Version 12.00
# Visual Studio Version 16
Project("{2150E333-8FDC-42A3-9474-1A3956D46DE8}") = "01-Domain", "01-Domain", "{4D8D90F5-7108-408B-B148-99AE807F3783}"
EndProject
Project("{2150E333-8FDC-42A3-9474-1A3956D46DE8}") = "02-Infrastructure", "02-Infrastructure", "{1A4283F7-5D18-407D-8C6F-9828C04A84B5}"
EndProject
Project("{2150E333-8FDC-42A3-9474-1A3956D46DE8}") = "03-Endpoint", "03-Endpoint", "{E9BF3091-B19C-46C7-9F80-2751EC2546B8}"
EndProject
Project("{2150E333-8FDC-42A3-9474-1A3956D46DE8}") = "Core", "Core", "{605B59CC-F1DC-4941-B436-CBB67F706C09}"
EndProject
Project("{2150E333-8FDC-42A3-9474-1A3956D46DE8}") = "Service", "Service", "{08912BAE-88C2-44B6-9C54-C81E91F5ACF4}"
EndProject
Project("{FAE04EC0-301F-11D3-BF4B-00C04F79EFBC}") = "AppCore", "AppCore\AppCore.csproj", "{73D9E1E0-CA78-4BA5-8D36-1F75EC8A9AE5}"
EndProject
Project("{FAE04EC0-301F-11D3-BF4B-00C04F79EFBC}") = "AppService", "AppService\AppService.csproj", "{CFB7E145-51A4-4E91-8D43-A9ACE862CBED}"
EndProject
Project("{2150E333-8FDC-42A3-9474-1A3956D46DE8}") = "01-SqlDataBase", "01-SqlDataBase", "{E75D582B-FFED-4F72-9B92-E870C5F3E8B4}"
EndProject
Project("{2150E333-8FDC-42A3-9474-1A3956D46DE8}") = "02-Repository", "02-Repository", "{05727C36-6753-4FF9-803F-4EB7E604897D}"
EndProject
Project("{FAE04EC0-301F-11D3-BF4B-00C04F79EFBC}") = "AppSqlDataBase", "AppSqlDataBase\AppSqlDataBase.csproj", "{D441C6AE-A6A1-47A2-B356-DB71153D7FC3}"
EndProject
Project("{FAE04EC0-301F-11D3-BF4B-00C04F79EFBC}") = "FinalProject_Market", "FinalProject_Market\FinalProject_Market.csproj", "{DEE5F07C-4988-42FB-90B6-77B185FD2474}"
EndProject
Project("{FAE04EC0-301F-11D3-BF4B-00C04F79EFBC}") = "Repositories", "Repositories\Repositories.csproj", "{2BB7A19F-C5CA-4BC7-A1B9-9EFF8B99DDC4}"
EndProject
Project("{2150E333-8FDC-42A3-9474-1A3956D46DE8}") = "00-FrameWorks", "00-FrameWorks", "{F66BBC40-B67B-4B30-995E-A1B7E8310222}"
EndProject
Project("{FAE04EC0-301F-11D3-BF4B-00C04F79EFBC}") = "ExtensionMethods", "ExtensionMethods\ExtensionMethods.csproj", "{5DA51B45-B5E5-4935-8BB6-9B30477A0282}"
EndProject
Project("{2150E333-8FDC-42A3-9474-1A3956D46DE8}") = "AppService", "AppService", "{E9A0A711-9DA7-4112-AA79-693BB7B5E5DE}"
EndProject
Project("{FAE04EC0-301F-11D3-BF4B-00C04F79EFBC}") = "Service", "Service\Service.csproj", "{24CAE2BD-59D2-4A4C-8B1F-E920957CE48C}"
EndProject
Project("{2150E333-8FDC-42A3-9474-1A3956D46DE8}") = "src", "src", "{FCC7188E-4B65-4A8D-9B46-69E3BEA0A243}"
EndProject
Global
	GlobalSection(SolutionConfigurationPlatforms) = preSolution
		Debug|Any CPU = Debug|Any CPU
		Release|Any CPU = Release|Any CPU
	EndGlobalSection
	GlobalSection(ProjectConfigurationPlatforms) = postSolution
		{73D9E1E0-CA78-4BA5-8D36-1F75EC8A9AE5}.Debug|Any CPU.ActiveCfg = Debug|Any CPU
		{73D9E1E0-CA78-4BA5-8D36-1F75EC8A9AE5}.Debug|Any CPU.Build.0 = Debug|Any CPU
		{73D9E1E0-CA78-4BA5-8D36-1F75EC8A9AE5}.Release|Any CPU.ActiveCfg = Release|Any CPU
		{73D9E1E0-CA78-4BA5-8D36-1F75EC8A9AE5}.Release|Any CPU.Build.0 = Release|Any CPU
		{CFB7E145-51A4-4E91-8D43-A9ACE862CBED}.Debug|Any CPU.ActiveCfg = Debug|Any CPU
		{CFB7E145-51A4-4E91-8D43-A9ACE862CBED}.Debug|Any CPU.Build.0 = Debug|Any CPU
		{CFB7E145-51A4-4E91-8D43-A9ACE862CBED}.Release|Any CPU.ActiveCfg = Release|Any CPU
		{CFB7E145-51A4-4E91-8D43-A9ACE862CBED}.Release|Any CPU.Build.0 = Release|Any CPU
		{D441C6AE-A6A1-47A2-B356-DB71153D7FC3}.Debug|Any CPU.ActiveCfg = Debug|Any CPU
		{D441C6AE-A6A1-47A2-B356-DB71153D7FC3}.Debug|Any CPU.Build.0 = Debug|Any CPU
		{D441C6AE-A6A1-47A2-B356-DB71153D7FC3}.Release|Any CPU.ActiveCfg = Release|Any CPU
		{D441C6AE-A6A1-47A2-B356-DB71153D7FC3}.Release|Any CPU.Build.0 = Release|Any CPU
		{DEE5F07C-4988-42FB-90B6-77B185FD2474}.Debug|Any CPU.ActiveCfg = Debug|Any CPU
		{DEE5F07C-4988-42FB-90B6-77B185FD2474}.Debug|Any CPU.Build.0 = Debug|Any CPU
		{DEE5F07C-4988-42FB-90B6-77B185FD2474}.Release|Any CPU.ActiveCfg = Release|Any CPU
		{DEE5F07C-4988-42FB-90B6-77B185FD2474}.Release|Any CPU.Build.0 = Release|Any CPU
		{2BB7A19F-C5CA-4BC7-A1B9-9EFF8B99DDC4}.Debug|Any CPU.ActiveCfg = Debug|Any CPU
		{2BB7A19F-C5CA-4BC7-A1B9-9EFF8B99DDC4}.Debug|Any CPU.Build.0 = Debug|Any CPU
		{2BB7A19F-C5CA-4BC7-A1B9-9EFF8B99DDC4}.Release|Any CPU.ActiveCfg = Release|Any CPU
		{2BB7A19F-C5CA-4BC7-A1B9-9EFF8B99DDC4}.Release|Any CPU.Build.0 = Release|Any CPU
		{5DA51B45-B5E5-4935-8BB6-9B30477A0282}.Debug|Any CPU.ActiveCfg = Debug|Any CPU
		{5DA51B45-B5E5-4935-8BB6-9B30477A0282}.Debug|Any CPU.Build.0 = Debug|Any CPU
		{5DA51B45-B5E5-4935-8BB6-9B30477A0282}.Release|Any CPU.ActiveCfg = Release|Any CPU
		{5DA51B45-B5E5-4935-8BB6-9B30477A0282}.Release|Any CPU.Build.0 = Release|Any CPU
		{24CAE2BD-59D2-4A4C-8B1F-E920957CE48C}.Debug|Any CPU.ActiveCfg = Debug|Any CPU
		{24CAE2BD-59D2-4A4C-8B1F-E920957CE48C}.Debug|Any CPU.Build.0 = Debug|Any CPU
		{24CAE2BD-59D2-4A4C-8B1F-E920957CE48C}.Release|Any CPU.ActiveCfg = Release|Any CPU
		{24CAE2BD-59D2-4A4C-8B1F-E920957CE48C}.Release|Any CPU.Build.0 = Release|Any CPU
	EndGlobalSection
	GlobalSection(NestedProjects) = preSolution
		{605B59CC-F1DC-4941-B436-CBB67F706C09} = {4D8D90F5-7108-408B-B148-99AE807F3783}
		{08912BAE-88C2-44B6-9C54-C81E91F5ACF4} = {4D8D90F5-7108-408B-B148-99AE807F3783}
		{73D9E1E0-CA78-4BA5-8D36-1F75EC8A9AE5} = {605B59CC-F1DC-4941-B436-CBB67F706C09}
		{CFB7E145-51A4-4E91-8D43-A9ACE862CBED} = {E9A0A711-9DA7-4112-AA79-693BB7B5E5DE}
		{E75D582B-FFED-4F72-9B92-E870C5F3E8B4} = {1A4283F7-5D18-407D-8C6F-9828C04A84B5}
		{05727C36-6753-4FF9-803F-4EB7E604897D} = {1A4283F7-5D18-407D-8C6F-9828C04A84B5}
		{D441C6AE-A6A1-47A2-B356-DB71153D7FC3} = {E75D582B-FFED-4F72-9B92-E870C5F3E8B4}
		{DEE5F07C-4988-42FB-90B6-77B185FD2474} = {E9BF3091-B19C-46C7-9F80-2751EC2546B8}
		{2BB7A19F-C5CA-4BC7-A1B9-9EFF8B99DDC4} = {05727C36-6753-4FF9-803F-4EB7E604897D}
		{5DA51B45-B5E5-4935-8BB6-9B30477A0282} = {F66BBC40-B67B-4B30-995E-A1B7E8310222}
		{E9A0A711-9DA7-4112-AA79-693BB7B5E5DE} = {4D8D90F5-7108-408B-B148-99AE807F3783}
		{24CAE2BD-59D2-4A4C-8B1F-E920957CE48C} = {08912BAE-88C2-44B6-9C54-C81E91F5ACF4}
		{F66BBC40-B67B-4B30-995E-A1B7E8310222} = {FCC7188E-4B65-4A8D-9B46-69E3BEA0A243}
		{4D8D90F5-7108-408B-B148-99AE807F3783} = {FCC7188E-4B65-4A8D-9B46-69E3BEA0A243}
		{1A4283F7-5D18-407D-8C6F-9828C04A84B5} = {FCC7188E-4B65-4A8D-9B46-69E3BEA0A243}
		{E9BF3091-B19C-46C7-9F80-2751EC2546B8} = {FCC7188E-4B65-4A8D-9B46-69E3BEA0A243}
	EndGlobalSection
EndGlobal
